
Microsoft Visual Studio Solution File, Format Version 12.00
# Visual Studio 14
VisualStudioVersion = 14.0.25420.1
MinimumVisualStudioVersion = 10.0.40219.1
Project("{FAE04EC0-301F-11D3-BF4B-00C04F79EFBC}") = "Karuta", "Karuta\Karuta.csproj", "{4547D032-5FC9-46AE-BE17-AEAEAB8B3DC7}"
EndProject
Project("{FAE04EC0-301F-11D3-BF4B-00C04F79EFBC}") = "KarutaTests", "UnitTestProject1\KarutaTests.csproj", "{93F610B8-B4E6-4B91-8623-D7793F5E4AE2}"
EndProject
Project("{FAE04EC0-301F-11D3-BF4B-00C04F79EFBC}") = "RinDB", "RinDB\RinDB.csproj", "{BA6D16DA-A761-47EE-B6E3-E099FD66E358}"
EndProject
Project("{D954291E-2A0B-460D-934E-DC6B0785DB48}") = "RinDB.Models", "RinDB.Models\RinDB.Models.shproj", "{9F82B316-CED4-439D-8FBB-1778B00F7438}"
EndProject
Global
	GlobalSection(SharedMSBuildProjectFiles) = preSolution
		RinDB.Models\RinDB.Models.projitems*{4547d032-5fc9-46ae-be17-aeaeab8b3dc7}*SharedItemsImports = 4
		RinDB.Models\RinDB.Models.projitems*{9f82b316-ced4-439d-8fbb-1778b00f7438}*SharedItemsImports = 13
	EndGlobalSection
	GlobalSection(SolutionConfigurationPlatforms) = preSolution
		Debug|Any CPU = Debug|Any CPU
		Debug|ARM = Debug|ARM
		Debug|iPhone = Debug|iPhone
		Debug|iPhoneSimulator = Debug|iPhoneSimulator
		Debug|x64 = Debug|x64
		Debug|x86 = Debug|x86
		Release|Any CPU = Release|Any CPU
		Release|ARM = Release|ARM
		Release|iPhone = Release|iPhone
		Release|iPhoneSimulator = Release|iPhoneSimulator
		Release|x64 = Release|x64
		Release|x86 = Release|x86
	EndGlobalSection
	GlobalSection(ProjectConfigurationPlatforms) = postSolution
		{4547D032-5FC9-46AE-BE17-AEAEAB8B3DC7}.Debug|Any CPU.ActiveCfg = Debug|x64
		{4547D032-5FC9-46AE-BE17-AEAEAB8B3DC7}.Debug|Any CPU.Build.0 = Debug|x64
		{4547D032-5FC9-46AE-BE17-AEAEAB8B3DC7}.Debug|ARM.ActiveCfg = Debug|Any CPU
		{4547D032-5FC9-46AE-BE17-AEAEAB8B3DC7}.Debug|ARM.Build.0 = Debug|Any CPU
		{4547D032-5FC9-46AE-BE17-AEAEAB8B3DC7}.Debug|iPhone.ActiveCfg = Debug|Any CPU
		{4547D032-5FC9-46AE-BE17-AEAEAB8B3DC7}.Debug|iPhone.Build.0 = Debug|Any CPU
		{4547D032-5FC9-46AE-BE17-AEAEAB8B3DC7}.Debug|iPhoneSimulator.ActiveCfg = Debug|Any CPU
		{4547D032-5FC9-46AE-BE17-AEAEAB8B3DC7}.Debug|iPhoneSimulator.Build.0 = Debug|Any CPU
		{4547D032-5FC9-46AE-BE17-AEAEAB8B3DC7}.Debug|x64.ActiveCfg = Debug|x64
		{4547D032-5FC9-46AE-BE17-AEAEAB8B3DC7}.Debug|x64.Build.0 = Debug|x64
		{4547D032-5FC9-46AE-BE17-AEAEAB8B3DC7}.Debug|x86.ActiveCfg = Debug|Any CPU
		{4547D032-5FC9-46AE-BE17-AEAEAB8B3DC7}.Debug|x86.Build.0 = Debug|Any CPU
		{4547D032-5FC9-46AE-BE17-AEAEAB8B3DC7}.Release|Any CPU.ActiveCfg = Release|Any CPU
		{4547D032-5FC9-46AE-BE17-AEAEAB8B3DC7}.Release|Any CPU.Build.0 = Release|Any CPU
		{4547D032-5FC9-46AE-BE17-AEAEAB8B3DC7}.Release|ARM.ActiveCfg = Release|Any CPU
		{4547D032-5FC9-46AE-BE17-AEAEAB8B3DC7}.Release|ARM.Build.0 = Release|Any CPU
		{4547D032-5FC9-46AE-BE17-AEAEAB8B3DC7}.Release|iPhone.ActiveCfg = Release|Any CPU
		{4547D032-5FC9-46AE-BE17-AEAEAB8B3DC7}.Release|iPhone.Build.0 = Release|Any CPU
		{4547D032-5FC9-46AE-BE17-AEAEAB8B3DC7}.Release|iPhoneSimulator.ActiveCfg = Release|Any CPU
		{4547D032-5FC9-46AE-BE17-AEAEAB8B3DC7}.Release|iPhoneSimulator.Build.0 = Release|Any CPU
		{4547D032-5FC9-46AE-BE17-AEAEAB8B3DC7}.Release|x64.ActiveCfg = Release|x64
		{4547D032-5FC9-46AE-BE17-AEAEAB8B3DC7}.Release|x64.Build.0 = Release|x64
		{4547D032-5FC9-46AE-BE17-AEAEAB8B3DC7}.Release|x86.ActiveCfg = Release|Any CPU
		{4547D032-5FC9-46AE-BE17-AEAEAB8B3DC7}.Release|x86.Build.0 = Release|Any CPU
		{93F610B8-B4E6-4B91-8623-D7793F5E4AE2}.Debug|Any CPU.ActiveCfg = Debug|x64
		{93F610B8-B4E6-4B91-8623-D7793F5E4AE2}.Debug|Any CPU.Build.0 = Debug|x64
		{93F610B8-B4E6-4B91-8623-D7793F5E4AE2}.Debug|ARM.ActiveCfg = Debug|Any CPU
		{93F610B8-B4E6-4B91-8623-D7793F5E4AE2}.Debug|ARM.Build.0 = Debug|Any CPU
		{93F610B8-B4E6-4B91-8623-D7793F5E4AE2}.Debug|iPhone.ActiveCfg = Debug|Any CPU
		{93F610B8-B4E6-4B91-8623-D7793F5E4AE2}.Debug|iPhone.Build.0 = Debug|Any CPU
		{93F610B8-B4E6-4B91-8623-D7793F5E4AE2}.Debug|iPhoneSimulator.ActiveCfg = Debug|Any CPU
		{93F610B8-B4E6-4B91-8623-D7793F5E4AE2}.Debug|iPhoneSimulator.Build.0 = Debug|Any CPU
		{93F610B8-B4E6-4B91-8623-D7793F5E4AE2}.Debug|x64.ActiveCfg = Debug|x64
		{93F610B8-B4E6-4B91-8623-D7793F5E4AE2}.Debug|x86.ActiveCfg = Debug|Any CPU
		{93F610B8-B4E6-4B91-8623-D7793F5E4AE2}.Debug|x86.Build.0 = Debug|Any CPU
		{93F610B8-B4E6-4B91-8623-D7793F5E4AE2}.Release|Any CPU.ActiveCfg = Release|Any CPU
		{93F610B8-B4E6-4B91-8623-D7793F5E4AE2}.Release|Any CPU.Build.0 = Release|Any CPU
		{93F610B8-B4E6-4B91-8623-D7793F5E4AE2}.Release|ARM.ActiveCfg = Release|Any CPU
		{93F610B8-B4E6-4B91-8623-D7793F5E4AE2}.Release|ARM.Build.0 = Release|Any CPU
		{93F610B8-B4E6-4B91-8623-D7793F5E4AE2}.Release|iPhone.ActiveCfg = Release|Any CPU
		{93F610B8-B4E6-4B91-8623-D7793F5E4AE2}.Release|iPhone.Build.0 = Release|Any CPU
		{93F610B8-B4E6-4B91-8623-D7793F5E4AE2}.Release|iPhoneSimulator.ActiveCfg = Release|Any CPU
		{93F610B8-B4E6-4B91-8623-D7793F5E4AE2}.Release|iPhoneSimulator.Build.0 = Release|Any CPU
		{93F610B8-B4E6-4B91-8623-D7793F5E4AE2}.Release|x64.ActiveCfg = Release|x64
		{93F610B8-B4E6-4B91-8623-D7793F5E4AE2}.Release|x64.Build.0 = Release|x64
		{93F610B8-B4E6-4B91-8623-D7793F5E4AE2}.Release|x86.ActiveCfg = Release|Any CPU
		{93F610B8-B4E6-4B91-8623-D7793F5E4AE2}.Release|x86.Build.0 = Release|Any CPU
		{BA6D16DA-A761-47EE-B6E3-E099FD66E358}.Debug|Any CPU.ActiveCfg = Debug|Any CPU
		{BA6D16DA-A761-47EE-B6E3-E099FD66E358}.Debug|Any CPU.Build.0 = Debug|Any CPU
		{BA6D16DA-A761-47EE-B6E3-E099FD66E358}.Debug|ARM.ActiveCfg = Debug|Any CPU
		{BA6D16DA-A761-47EE-B6E3-E099FD66E358}.Debug|ARM.Build.0 = Debug|Any CPU
		{BA6D16DA-A761-47EE-B6E3-E099FD66E358}.Debug|iPhone.ActiveCfg = Debug|Any CPU
		{BA6D16DA-A761-47EE-B6E3-E099FD66E358}.Debug|iPhone.Build.0 = Debug|Any CPU
		{BA6D16DA-A761-47EE-B6E3-E099FD66E358}.Debug|iPhoneSimulator.ActiveCfg = Debug|Any CPU
		{BA6D16DA-A761-47EE-B6E3-E099FD66E358}.Debug|iPhoneSimulator.Build.0 = Debug|Any CPU
		{BA6D16DA-A761-47EE-B6E3-E099FD66E358}.Debug|x64.ActiveCfg = Debug|x64
		{BA6D16DA-A761-47EE-B6E3-E099FD66E358}.Debug|x64.Build.0 = Debug|x64
		{BA6D16DA-A761-47EE-B6E3-E099FD66E358}.Debug|x86.ActiveCfg = Debug|Any CPU
		{BA6D16DA-A761-47EE-B6E3-E099FD66E358}.Debug|x86.Build.0 = Debug|Any CPU
		{BA6D16DA-A761-47EE-B6E3-E099FD66E358}.Release|Any CPU.ActiveCfg = Release|Any CPU
		{BA6D16DA-A761-47EE-B6E3-E099FD66E358}.Release|Any CPU.Build.0 = Release|Any CPU
		{BA6D16DA-A761-47EE-B6E3-E099FD66E358}.Release|ARM.ActiveCfg = Release|Any CPU
		{BA6D16DA-A761-47EE-B6E3-E099FD66E358}.Release|ARM.Build.0 = Release|Any CPU
		{BA6D16DA-A761-47EE-B6E3-E099FD66E358}.Release|iPhone.ActiveCfg = Release|Any CPU
		{BA6D16DA-A761-47EE-B6E3-E099FD66E358}.Release|iPhone.Build.0 = Release|Any CPU
		{BA6D16DA-A761-47EE-B6E3-E099FD66E358}.Release|iPhoneSimulator.ActiveCfg = Release|Any CPU
		{BA6D16DA-A761-47EE-B6E3-E099FD66E358}.Release|iPhoneSimulator.Build.0 = Release|Any CPU
		{BA6D16DA-A761-47EE-B6E3-E099FD66E358}.Release|x64.ActiveCfg = Release|x64
		{BA6D16DA-A761-47EE-B6E3-E099FD66E358}.Release|x64.Build.0 = Release|x64
		{BA6D16DA-A761-47EE-B6E3-E099FD66E358}.Release|x86.ActiveCfg = Release|Any CPU
		{BA6D16DA-A761-47EE-B6E3-E099FD66E358}.Release|x86.Build.0 = Release|Any CPU
	EndGlobalSection
	GlobalSection(SolutionProperties) = preSolution
		HideSolutionNode = FALSE
	EndGlobalSection
EndGlobal
